
Microsoft Visual Studio Solution File, Format Version 12.00
# Visual Studio 15
VisualStudioVersion = 15.0.28307.1022
MinimumVisualStudioVersion = 10.0.40219.1
Project("{FAE04EC0-301F-11D3-BF4B-00C04F79EFBC}") = "AWS.Utilites", "AWS.Utilites\AWS.Utilites.csproj", "{06F17992-5BD8-4659-8503-89CAC31604EA}"
EndProject
Global
	GlobalSection(SolutionConfigurationPlatforms) = preSolution
		Debug|Any CPU = Debug|Any CPU
		Release|Any CPU = Release|Any CPU
	EndGlobalSection
	GlobalSection(ProjectConfigurationPlatforms) = postSolution
		{06F17992-5BD8-4659-8503-89CAC31604EA}.Debug|Any CPU.ActiveCfg = Debug|Any CPU
		{06F17992-5BD8-4659-8503-89CAC31604EA}.Debug|Any CPU.Build.0 = Debug|Any CPU
		{06F17992-5BD8-4659-8503-89CAC31604EA}.Release|Any CPU.ActiveCfg = Release|Any CPU
		{06F17992-5BD8-4659-8503-89CAC31604EA}.Release|Any CPU.Build.0 = Release|Any CPU
	EndGlobalSection
	GlobalSection(SolutionProperties) = preSolution
		HideSolutionNode = FALSE
	EndGlobalSection
	GlobalSection(ExtensibilityGlobals) = postSolution
		SolutionGuid = {A0E248EA-5C58-4AC3-9754-5D9341AF804E}
	EndGlobalSection
EndGlobal
